
Microsoft Visual Studio Solution File, Format Version 12.00
# Visual Studio Version 17
VisualStudioVersion = 17.4.33213.308
MinimumVisualStudioVersion = 10.0.40219.1
Project("{FAE04EC0-301F-11D3-BF4B-00C04F79EFBC}") = "aafBeadando", "aafBeadando.csproj", "{476D439D-2F5E-42E8-B46D-E045FC17622A}"
EndProject
Global
	GlobalSection(SolutionConfigurationPlatforms) = preSolution
		Debug|Any CPU = Debug|Any CPU
		Release|Any CPU = Release|Any CPU
	EndGlobalSection
	GlobalSection(ProjectConfigurationPlatforms) = postSolution
		{476D439D-2F5E-42E8-B46D-E045FC17622A}.Debug|Any CPU.ActiveCfg = Debug|Any CPU
		{476D439D-2F5E-42E8-B46D-E045FC17622A}.Debug|Any CPU.Build.0 = Debug|Any CPU
		{476D439D-2F5E-42E8-B46D-E045FC17622A}.Release|Any CPU.ActiveCfg = Release|Any CPU
		{476D439D-2F5E-42E8-B46D-E045FC17622A}.Release|Any CPU.Build.0 = Release|Any CPU
	EndGlobalSection
	GlobalSection(SolutionProperties) = preSolution
		HideSolutionNode = FALSE
	EndGlobalSection
	GlobalSection(ExtensibilityGlobals) = postSolution
		SolutionGuid = {7006C224-1405-466E-B5FD-8245A06BBFA3}
	EndGlobalSection
EndGlobal
